// !$*UTF8*$!
{
	archiveVersion = 1;
	classes = {
	};
	objectVersion = 56;
	objects = {

/* Begin PBXBuildFile section */
		05B2025E29E132D90042060C /* AppDelegate.swift in Sources */ = {isa = PBXBuildFile; fileRef = 05B2025D29E132D90042060C /* AppDelegate.swift */; };
		05B2026029E132D90042060C /* SceneDelegate.swift in Sources */ = {isa = PBXBuildFile; fileRef = 05B2025F29E132D90042060C /* SceneDelegate.swift */; };
		05B2026729E132DB0042060C /* Assets.xcassets in Resources */ = {isa = PBXBuildFile; fileRef = 05B2026629E132DB0042060C /* Assets.xcassets */; };
		05B2026A29E132DB0042060C /* LaunchScreen.storyboard in Resources */ = {isa = PBXBuildFile; fileRef = 05B2026829E132DB0042060C /* LaunchScreen.storyboard */; };
		05B2027929E141A90042060C /* SnapKit in Frameworks */ = {isa = PBXBuildFile; productRef = 05B2027829E141A90042060C /* SnapKit */; };
		05B2027C29E142600042060C /* Inject in Frameworks */ = {isa = PBXBuildFile; productRef = 05B2027B29E142600042060C /* Inject */; };
		05B2027E29E146FD0042060C /* PracticeDelegateViewController_First.swift in Sources */ = {isa = PBXBuildFile; fileRef = 05B2027D29E146FD0042060C /* PracticeDelegateViewController_First.swift */; };
		05B2028029E147160042060C /* PracticeDelegateViewController_Second.swift in Sources */ = {isa = PBXBuildFile; fileRef = 05B2027F29E147160042060C /* PracticeDelegateViewController_Second.swift */; };
		05B2028329E1497C0042060C /* Then in Frameworks */ = {isa = PBXBuildFile; productRef = 05B2028229E1497C0042060C /* Then */; };
		05B2028529E1563D0042060C /* PracticeLayoutViewController.swift in Sources */ = {isa = PBXBuildFile; fileRef = 05B2028429E1563D0042060C /* PracticeLayoutViewController.swift */; };
		05B2028E29E42BB50042060C /* UIColor+.swift in Sources */ = {isa = PBXBuildFile; fileRef = 05B2028D29E42BB50042060C /* UIColor+.swift */; };
		05B2029229E42CE10042060C /* UIView+.swift in Sources */ = {isa = PBXBuildFile; fileRef = 05B2029129E42CE10042060C /* UIView+.swift */; };
		05B2029629E42ED90042060C /* SignInViewController.swift in Sources */ = {isa = PBXBuildFile; fileRef = 05B2029529E42ED90042060C /* SignInViewController.swift */; };
		05B2029829E431250042060C /* UITextField+.swift in Sources */ = {isa = PBXBuildFile; fileRef = 05B2029729E431250042060C /* UITextField+.swift */; };
		05B2029D29E677E00042060C /* Pretendard-SemiBold.otf in Resources */ = {isa = PBXBuildFile; fileRef = 05B2029929E677E00042060C /* Pretendard-SemiBold.otf */; };
		05B2029E29E677E00042060C /* Pretendard-Medium.otf in Resources */ = {isa = PBXBuildFile; fileRef = 05B2029A29E677E00042060C /* Pretendard-Medium.otf */; };
		05B2029F29E677E00042060C /* Pretendard-Bold.otf in Resources */ = {isa = PBXBuildFile; fileRef = 05B2029B29E677E00042060C /* Pretendard-Bold.otf */; };
		05B202A029E677E00042060C /* Pretendard-Regular.otf in Resources */ = {isa = PBXBuildFile; fileRef = 05B2029C29E677E00042060C /* Pretendard-Regular.otf */; };
		05B202A229E67D340042060C /* UIFont+.swift in Sources */ = {isa = PBXBuildFile; fileRef = 05B202A129E67D340042060C /* UIFont+.swift */; };
		05B202A529E67D5D0042060C /* FontLiteral.swift in Sources */ = {isa = PBXBuildFile; fileRef = 05B202A429E67D5D0042060C /* FontLiteral.swift */; };
		05B202A929E6812E0042060C /* SignInView.swift in Sources */ = {isa = PBXBuildFile; fileRef = 05B202A829E6812E0042060C /* SignInView.swift */; };
		05B202AB29E686A00042060C /* UIButton+.swift in Sources */ = {isa = PBXBuildFile; fileRef = 05B202AA29E686A00042060C /* UIButton+.swift */; };
		05B202AD29E68A0D0042060C /* UIStackView+.swift in Sources */ = {isa = PBXBuildFile; fileRef = 05B202AC29E68A0D0042060C /* UIStackView+.swift */; };
		05B202AF29EAA9780042060C /* WelcomeViewController.swift in Sources */ = {isa = PBXBuildFile; fileRef = 05B202AE29EAA9780042060C /* WelcomeViewController.swift */; };
/* End PBXBuildFile section */

/* Begin PBXFileReference section */
		05B2025A29E132D90042060C /* SOPT_iOS_Week2.app */ = {isa = PBXFileReference; explicitFileType = wrapper.application; includeInIndex = 0; path = SOPT_iOS_Week2.app; sourceTree = BUILT_PRODUCTS_DIR; };
		05B2025D29E132D90042060C /* AppDelegate.swift */ = {isa = PBXFileReference; lastKnownFileType = sourcecode.swift; path = AppDelegate.swift; sourceTree = "<group>"; };
		05B2025F29E132D90042060C /* SceneDelegate.swift */ = {isa = PBXFileReference; lastKnownFileType = sourcecode.swift; path = SceneDelegate.swift; sourceTree = "<group>"; };
		05B2026629E132DB0042060C /* Assets.xcassets */ = {isa = PBXFileReference; lastKnownFileType = folder.assetcatalog; path = Assets.xcassets; sourceTree = "<group>"; };
		05B2026929E132DB0042060C /* Base */ = {isa = PBXFileReference; lastKnownFileType = file.storyboard; name = Base; path = Base.lproj/LaunchScreen.storyboard; sourceTree = "<group>"; };
		05B2026B29E132DB0042060C /* Info.plist */ = {isa = PBXFileReference; lastKnownFileType = text.plist.xml; path = Info.plist; sourceTree = "<group>"; };
		05B2027D29E146FD0042060C /* PracticeDelegateViewController_First.swift */ = {isa = PBXFileReference; lastKnownFileType = sourcecode.swift; path = PracticeDelegateViewController_First.swift; sourceTree = "<group>"; };
		05B2027F29E147160042060C /* PracticeDelegateViewController_Second.swift */ = {isa = PBXFileReference; lastKnownFileType = sourcecode.swift; path = PracticeDelegateViewController_Second.swift; sourceTree = "<group>"; };
		05B2028429E1563D0042060C /* PracticeLayoutViewController.swift */ = {isa = PBXFileReference; lastKnownFileType = sourcecode.swift; path = PracticeLayoutViewController.swift; sourceTree = "<group>"; };
		05B2028D29E42BB50042060C /* UIColor+.swift */ = {isa = PBXFileReference; lastKnownFileType = sourcecode.swift; path = "UIColor+.swift"; sourceTree = "<group>"; };
		05B2029129E42CE10042060C /* UIView+.swift */ = {isa = PBXFileReference; lastKnownFileType = sourcecode.swift; path = "UIView+.swift"; sourceTree = "<group>"; };
		05B2029529E42ED90042060C /* SignInViewController.swift */ = {isa = PBXFileReference; lastKnownFileType = sourcecode.swift; path = SignInViewController.swift; sourceTree = "<group>"; };
		05B2029729E431250042060C /* UITextField+.swift */ = {isa = PBXFileReference; lastKnownFileType = sourcecode.swift; path = "UITextField+.swift"; sourceTree = "<group>"; };
		05B2029929E677E00042060C /* Pretendard-SemiBold.otf */ = {isa = PBXFileReference; lastKnownFileType = file; path = "Pretendard-SemiBold.otf"; sourceTree = "<group>"; };
		05B2029A29E677E00042060C /* Pretendard-Medium.otf */ = {isa = PBXFileReference; lastKnownFileType = file; path = "Pretendard-Medium.otf"; sourceTree = "<group>"; };
		05B2029B29E677E00042060C /* Pretendard-Bold.otf */ = {isa = PBXFileReference; lastKnownFileType = file; path = "Pretendard-Bold.otf"; sourceTree = "<group>"; };
		05B2029C29E677E00042060C /* Pretendard-Regular.otf */ = {isa = PBXFileReference; lastKnownFileType = file; path = "Pretendard-Regular.otf"; sourceTree = "<group>"; };
		05B202A129E67D340042060C /* UIFont+.swift */ = {isa = PBXFileReference; lastKnownFileType = sourcecode.swift; path = "UIFont+.swift"; sourceTree = "<group>"; };
		05B202A429E67D5D0042060C /* FontLiteral.swift */ = {isa = PBXFileReference; lastKnownFileType = sourcecode.swift; path = FontLiteral.swift; sourceTree = "<group>"; };
		05B202A829E6812E0042060C /* SignInView.swift */ = {isa = PBXFileReference; lastKnownFileType = sourcecode.swift; path = SignInView.swift; sourceTree = "<group>"; };
		05B202AA29E686A00042060C /* UIButton+.swift */ = {isa = PBXFileReference; lastKnownFileType = sourcecode.swift; path = "UIButton+.swift"; sourceTree = "<group>"; };
		05B202AC29E68A0D0042060C /* UIStackView+.swift */ = {isa = PBXFileReference; lastKnownFileType = sourcecode.swift; path = "UIStackView+.swift"; sourceTree = "<group>"; };
		05B202AE29EAA9780042060C /* WelcomeViewController.swift */ = {isa = PBXFileReference; lastKnownFileType = sourcecode.swift; path = WelcomeViewController.swift; sourceTree = "<group>"; };
/* End PBXFileReference section */

/* Begin PBXFrameworksBuildPhase section */
		05B2025729E132D90042060C /* Frameworks */ = {
			isa = PBXFrameworksBuildPhase;
			buildActionMask = 2147483647;
			files = (
				05B2027929E141A90042060C /* SnapKit in Frameworks */,
				05B2028329E1497C0042060C /* Then in Frameworks */,
				05B2027C29E142600042060C /* Inject in Frameworks */,
			);
			runOnlyForDeploymentPostprocessing = 0;
		};
/* End PBXFrameworksBuildPhase section */

/* Begin PBXGroup section */
		05B2025129E132D90042060C = {
			isa = PBXGroup;
			children = (
				05B2025C29E132D90042060C /* SOPT_iOS_Week2 */,
				05B2025B29E132D90042060C /* Products */,
			);
			sourceTree = "<group>";
		};
		05B2025B29E132D90042060C /* Products */ = {
			isa = PBXGroup;
			children = (
				05B2025A29E132D90042060C /* SOPT_iOS_Week2.app */,
			);
			name = Products;
			sourceTree = "<group>";
		};
		05B2025C29E132D90042060C /* SOPT_iOS_Week2 */ = {
			isa = PBXGroup;
			children = (
				05B2029429E42EAC0042060C /* Assignment */,
				05B2028729E2EC9D0042060C /* Global */,
				05B2028629E2EC2F0042060C /* Seminar */,
				05B2026B29E132DB0042060C /* Info.plist */,
			);
			path = SOPT_iOS_Week2;
			sourceTree = "<group>";
		};
		05B2028629E2EC2F0042060C /* Seminar */ = {
			isa = PBXGroup;
			children = (
				05B2027D29E146FD0042060C /* PracticeDelegateViewController_First.swift */,
				05B2027F29E147160042060C /* PracticeDelegateViewController_Second.swift */,
				05B2028429E1563D0042060C /* PracticeLayoutViewController.swift */,
			);
			path = Seminar;
			sourceTree = "<group>";
		};
		05B2028729E2EC9D0042060C /* Global */ = {
			isa = PBXGroup;
			children = (
				05B202A329E67D490042060C /* Literal */,
				05B2029029E42CD40042060C /* Extension */,
				05B2028929E2ED300042060C /* Resource */,
				05B2028829E2ECA90042060C /* Supports */,
			);
			path = Global;
			sourceTree = "<group>";
		};
		05B2028829E2ECA90042060C /* Supports */ = {
			isa = PBXGroup;
			children = (
				05B2026829E132DB0042060C /* LaunchScreen.storyboard */,
				05B2025F29E132D90042060C /* SceneDelegate.swift */,
				05B2025D29E132D90042060C /* AppDelegate.swift */,
			);
			path = Supports;
			sourceTree = "<group>";
		};
		05B2028929E2ED300042060C /* Resource */ = {
			isa = PBXGroup;
			children = (
				05B2029329E42DF60042060C /* Fonts */,
				05B2026629E132DB0042060C /* Assets.xcassets */,
			);
			path = Resource;
			sourceTree = "<group>";
		};
		05B2029029E42CD40042060C /* Extension */ = {
			isa = PBXGroup;
			children = (
				05B2028D29E42BB50042060C /* UIColor+.swift */,
				05B2029129E42CE10042060C /* UIView+.swift */,
				05B2029729E431250042060C /* UITextField+.swift */,
				05B202A129E67D340042060C /* UIFont+.swift */,
				05B202AA29E686A00042060C /* UIButton+.swift */,
				05B202AC29E68A0D0042060C /* UIStackView+.swift */,
			);
			path = Extension;
			sourceTree = "<group>";
		};
		05B2029329E42DF60042060C /* Fonts */ = {
			isa = PBXGroup;
			children = (
				05B2029B29E677E00042060C /* Pretendard-Bold.otf */,
				05B2029A29E677E00042060C /* Pretendard-Medium.otf */,
				05B2029C29E677E00042060C /* Pretendard-Regular.otf */,
				05B2029929E677E00042060C /* Pretendard-SemiBold.otf */,
			);
			path = Fonts;
			sourceTree = "<group>";
		};
		05B2029429E42EAC0042060C /* Assignment */ = {
			isa = PBXGroup;
			children = (
				05B202A729E681120042060C /* View */,
				05B202A629E681070042060C /* VIewController */,
			);
			path = Assignment;
			sourceTree = "<group>";
		};
		05B202A329E67D490042060C /* Literal */ = {
			isa = PBXGroup;
			children = (
				05B202A429E67D5D0042060C /* FontLiteral.swift */,
			);
			path = Literal;
			sourceTree = "<group>";
		};
		05B202A629E681070042060C /* VIewController */ = {
			isa = PBXGroup;
			children = (
				05B2029529E42ED90042060C /* SignInViewController.swift */,
				05B202AE29EAA9780042060C /* WelcomeViewController.swift */,
			);
			path = VIewController;
			sourceTree = "<group>";
		};
		05B202A729E681120042060C /* View */ = {
			isa = PBXGroup;
			children = (
				05B202A829E6812E0042060C /* SignInView.swift */,
			);
			path = View;
			sourceTree = "<group>";
		};
/* End PBXGroup section */

/* Begin PBXNativeTarget section */
		05B2025929E132D90042060C /* SOPT_iOS_Week2 */ = {
			isa = PBXNativeTarget;
			buildConfigurationList = 05B2026E29E132DB0042060C /* Build configuration list for PBXNativeTarget "SOPT_iOS_Week2" */;
			buildPhases = (
				05B2025629E132D90042060C /* Sources */,
				05B2025729E132D90042060C /* Frameworks */,
				05B2025829E132D90042060C /* Resources */,
			);
			buildRules = (
			);
			dependencies = (
			);
			name = SOPT_iOS_Week2;
			packageProductDependencies = (
				05B2027829E141A90042060C /* SnapKit */,
				05B2027B29E142600042060C /* Inject */,
				05B2028229E1497C0042060C /* Then */,
			);
			productName = SOPT_iOS_Week2;
			productReference = 05B2025A29E132D90042060C /* SOPT_iOS_Week2.app */;
			productType = "com.apple.product-type.application";
		};
/* End PBXNativeTarget section */

/* Begin PBXProject section */
		05B2025229E132D90042060C /* Project object */ = {
			isa = PBXProject;
			attributes = {
				BuildIndependentTargetsInParallel = 1;
				LastSwiftUpdateCheck = 1430;
				LastUpgradeCheck = 1430;
				TargetAttributes = {
					05B2025929E132D90042060C = {
						CreatedOnToolsVersion = 14.3;
					};
				};
			};
			buildConfigurationList = 05B2025529E132D90042060C /* Build configuration list for PBXProject "SOPT_iOS_Week2" */;
			compatibilityVersion = "Xcode 14.0";
			developmentRegion = en;
			hasScannedForEncodings = 0;
			knownRegions = (
				en,
				Base,
			);
			mainGroup = 05B2025129E132D90042060C;
			packageReferences = (
				05B2027729E141A90042060C /* XCRemoteSwiftPackageReference "SnapKit" */,
				05B2027A29E1425F0042060C /* XCRemoteSwiftPackageReference "Inject" */,
				05B2028129E1497C0042060C /* XCRemoteSwiftPackageReference "Then" */,
			);
			productRefGroup = 05B2025B29E132D90042060C /* Products */;
			projectDirPath = "";
			projectRoot = "";
			targets = (
				05B2025929E132D90042060C /* SOPT_iOS_Week2 */,
			);
		};
/* End PBXProject section */

/* Begin PBXResourcesBuildPhase section */
		05B2025829E132D90042060C /* Resources */ = {
			isa = PBXResourcesBuildPhase;
			buildActionMask = 2147483647;
			files = (
				05B2029D29E677E00042060C /* Pretendard-SemiBold.otf in Resources */,
				05B202A029E677E00042060C /* Pretendard-Regular.otf in Resources */,
				05B2029F29E677E00042060C /* Pretendard-Bold.otf in Resources */,
				05B2026A29E132DB0042060C /* LaunchScreen.storyboard in Resources */,
				05B2026729E132DB0042060C /* Assets.xcassets in Resources */,
				05B2029E29E677E00042060C /* Pretendard-Medium.otf in Resources */,
			);
			runOnlyForDeploymentPostprocessing = 0;
		};
/* End PBXResourcesBuildPhase section */

/* Begin PBXSourcesBuildPhase section */
		05B2025629E132D90042060C /* Sources */ = {
			isa = PBXSourcesBuildPhase;
			buildActionMask = 2147483647;
			files = (
				05B2028529E1563D0042060C /* PracticeLayoutViewController.swift in Sources */,
				05B2025E29E132D90042060C /* AppDelegate.swift in Sources */,
				05B202A229E67D340042060C /* UIFont+.swift in Sources */,
				05B2029229E42CE10042060C /* UIView+.swift in Sources */,
				05B2027E29E146FD0042060C /* PracticeDelegateViewController_First.swift in Sources */,
				05B2029629E42ED90042060C /* SignInViewController.swift in Sources */,
				05B202AF29EAA9780042060C /* WelcomeViewController.swift in Sources */,
				05B202A929E6812E0042060C /* SignInView.swift in Sources */,
				05B202AD29E68A0D0042060C /* UIStackView+.swift in Sources */,
				05B202AB29E686A00042060C /* UIButton+.swift in Sources */,
				05B2028029E147160042060C /* PracticeDelegateViewController_Second.swift in Sources */,
				05B2029829E431250042060C /* UITextField+.swift in Sources */,
				05B2026029E132D90042060C /* SceneDelegate.swift in Sources */,
				05B2028E29E42BB50042060C /* UIColor+.swift in Sources */,
				05B202A529E67D5D0042060C /* FontLiteral.swift in Sources */,
			);
			runOnlyForDeploymentPostprocessing = 0;
		};
/* End PBXSourcesBuildPhase section */

/* Begin PBXVariantGroup section */
		05B2026829E132DB0042060C /* LaunchScreen.storyboard */ = {
			isa = PBXVariantGroup;
			children = (
				05B2026929E132DB0042060C /* Base */,
			);
			name = LaunchScreen.storyboard;
			sourceTree = "<group>";
		};
/* End PBXVariantGroup section */

/* Begin XCBuildConfiguration section */
		05B2026C29E132DB0042060C /* Debug */ = {
			isa = XCBuildConfiguration;
			buildSettings = {
				ALWAYS_SEARCH_USER_PATHS = NO;
				CLANG_ANALYZER_NONNULL = YES;
				CLANG_ANALYZER_NUMBER_OBJECT_CONVERSION = YES_AGGRESSIVE;
				CLANG_CXX_LANGUAGE_STANDARD = "gnu++20";
				CLANG_ENABLE_MODULES = YES;
				CLANG_ENABLE_OBJC_ARC = YES;
				CLANG_ENABLE_OBJC_WEAK = YES;
				CLANG_WARN_BLOCK_CAPTURE_AUTORELEASING = YES;
				CLANG_WARN_BOOL_CONVERSION = YES;
				CLANG_WARN_COMMA = YES;
				CLANG_WARN_CONSTANT_CONVERSION = YES;
				CLANG_WARN_DEPRECATED_OBJC_IMPLEMENTATIONS = YES;
				CLANG_WARN_DIRECT_OBJC_ISA_USAGE = YES_ERROR;
				CLANG_WARN_DOCUMENTATION_COMMENTS = YES;
				CLANG_WARN_EMPTY_BODY = YES;
				CLANG_WARN_ENUM_CONVERSION = YES;
				CLANG_WARN_INFINITE_RECURSION = YES;
				CLANG_WARN_INT_CONVERSION = YES;
				CLANG_WARN_NON_LITERAL_NULL_CONVERSION = YES;
				CLANG_WARN_OBJC_IMPLICIT_RETAIN_SELF = YES;
				CLANG_WARN_OBJC_LITERAL_CONVERSION = YES;
				CLANG_WARN_OBJC_ROOT_CLASS = YES_ERROR;
				CLANG_WARN_QUOTED_INCLUDE_IN_FRAMEWORK_HEADER = YES;
				CLANG_WARN_RANGE_LOOP_ANALYSIS = YES;
				CLANG_WARN_STRICT_PROTOTYPES = YES;
				CLANG_WARN_SUSPICIOUS_MOVE = YES;
				CLANG_WARN_UNGUARDED_AVAILABILITY = YES_AGGRESSIVE;
				CLANG_WARN_UNREACHABLE_CODE = YES;
				CLANG_WARN__DUPLICATE_METHOD_MATCH = YES;
				COPY_PHASE_STRIP = NO;
				DEBUG_INFORMATION_FORMAT = dwarf;
				ENABLE_STRICT_OBJC_MSGSEND = YES;
				ENABLE_TESTABILITY = YES;
				GCC_C_LANGUAGE_STANDARD = gnu11;
				GCC_DYNAMIC_NO_PIC = NO;
				GCC_NO_COMMON_BLOCKS = YES;
				GCC_OPTIMIZATION_LEVEL = 0;
				GCC_PREPROCESSOR_DEFINITIONS = (
					"DEBUG=1",
					"$(inherited)",
				);
				GCC_WARN_64_TO_32_BIT_CONVERSION = YES;
				GCC_WARN_ABOUT_RETURN_TYPE = YES_ERROR;
				GCC_WARN_UNDECLARED_SELECTOR = YES;
				GCC_WARN_UNINITIALIZED_AUTOS = YES_AGGRESSIVE;
				GCC_WARN_UNUSED_FUNCTION = YES;
				GCC_WARN_UNUSED_VARIABLE = YES;
				IPHONEOS_DEPLOYMENT_TARGET = 16.4;
				MTL_ENABLE_DEBUG_INFO = INCLUDE_SOURCE;
				MTL_FAST_MATH = YES;
				ONLY_ACTIVE_ARCH = YES;
				SDKROOT = iphoneos;
				SWIFT_ACTIVE_COMPILATION_CONDITIONS = DEBUG;
				SWIFT_OPTIMIZATION_LEVEL = "-Onone";
			};
			name = Debug;
		};
		05B2026D29E132DB0042060C /* Release */ = {
			isa = XCBuildConfiguration;
			buildSettings = {
				ALWAYS_SEARCH_USER_PATHS = NO;
				CLANG_ANALYZER_NONNULL = YES;
				CLANG_ANALYZER_NUMBER_OBJECT_CONVERSION = YES_AGGRESSIVE;
				CLANG_CXX_LANGUAGE_STANDARD = "gnu++20";
				CLANG_ENABLE_MODULES = YES;
				CLANG_ENABLE_OBJC_ARC = YES;
				CLANG_ENABLE_OBJC_WEAK = YES;
				CLANG_WARN_BLOCK_CAPTURE_AUTORELEASING = YES;
				CLANG_WARN_BOOL_CONVERSION = YES;
				CLANG_WARN_COMMA = YES;
				CLANG_WARN_CONSTANT_CONVERSION = YES;
				CLANG_WARN_DEPRECATED_OBJC_IMPLEMENTATIONS = YES;
				CLANG_WARN_DIRECT_OBJC_ISA_USAGE = YES_ERROR;
				CLANG_WARN_DOCUMENTATION_COMMENTS = YES;
				CLANG_WARN_EMPTY_BODY = YES;
				CLANG_WARN_ENUM_CONVERSION = YES;
				CLANG_WARN_INFINITE_RECURSION = YES;
				CLANG_WARN_INT_CONVERSION = YES;
				CLANG_WARN_NON_LITERAL_NULL_CONVERSION = YES;
				CLANG_WARN_OBJC_IMPLICIT_RETAIN_SELF = YES;
				CLANG_WARN_OBJC_LITERAL_CONVERSION = YES;
				CLANG_WARN_OBJC_ROOT_CLASS = YES_ERROR;
				CLANG_WARN_QUOTED_INCLUDE_IN_FRAMEWORK_HEADER = YES;
				CLANG_WARN_RANGE_LOOP_ANALYSIS = YES;
				CLANG_WARN_STRICT_PROTOTYPES = YES;
				CLANG_WARN_SUSPICIOUS_MOVE = YES;
				CLANG_WARN_UNGUARDED_AVAILABILITY = YES_AGGRESSIVE;
				CLANG_WARN_UNREACHABLE_CODE = YES;
				CLANG_WARN__DUPLICATE_METHOD_MATCH = YES;
				COPY_PHASE_STRIP = NO;
				DEBUG_INFORMATION_FORMAT = "dwarf-with-dsym";
				ENABLE_NS_ASSERTIONS = NO;
				ENABLE_STRICT_OBJC_MSGSEND = YES;
				GCC_C_LANGUAGE_STANDARD = gnu11;
				GCC_NO_COMMON_BLOCKS = YES;
				GCC_WARN_64_TO_32_BIT_CONVERSION = YES;
				GCC_WARN_ABOUT_RETURN_TYPE = YES_ERROR;
				GCC_WARN_UNDECLARED_SELECTOR = YES;
				GCC_WARN_UNINITIALIZED_AUTOS = YES_AGGRESSIVE;
				GCC_WARN_UNUSED_FUNCTION = YES;
				GCC_WARN_UNUSED_VARIABLE = YES;
				IPHONEOS_DEPLOYMENT_TARGET = 16.4;
				MTL_ENABLE_DEBUG_INFO = NO;
				MTL_FAST_MATH = YES;
				SDKROOT = iphoneos;
				SWIFT_COMPILATION_MODE = wholemodule;
				SWIFT_OPTIMIZATION_LEVEL = "-O";
				VALIDATE_PRODUCT = YES;
			};
			name = Release;
		};
		05B2026F29E132DB0042060C /* Debug */ = {
			isa = XCBuildConfiguration;
			buildSettings = {
				ASSETCATALOG_COMPILER_APPICON_NAME = AppIcon;
				ASSETCATALOG_COMPILER_GLOBAL_ACCENT_COLOR_NAME = AccentColor;
				CODE_SIGN_STYLE = Automatic;
				CURRENT_PROJECT_VERSION = 1;
				GENERATE_INFOPLIST_FILE = YES;
				INFOPLIST_FILE = SOPT_iOS_Week2/Info.plist;
				INFOPLIST_KEY_UIApplicationSupportsIndirectInputEvents = YES;
				INFOPLIST_KEY_UILaunchStoryboardName = LaunchScreen;
				INFOPLIST_KEY_UISupportedInterfaceOrientations_iPad = "UIInterfaceOrientationPortrait UIInterfaceOrientationPortraitUpsideDown UIInterfaceOrientationLandscapeLeft UIInterfaceOrientationLandscapeRight";
				INFOPLIST_KEY_UISupportedInterfaceOrientations_iPhone = "UIInterfaceOrientationPortrait UIInterfaceOrientationLandscapeLeft UIInterfaceOrientationLandscapeRight";
				LD_RUNPATH_SEARCH_PATHS = (
					"$(inherited)",
					"@executable_path/Frameworks",
				);
				MARKETING_VERSION = 1.0;
				PRODUCT_BUNDLE_IDENTIFIER = "com.YUNBINN.SOPT-iOS-Week2";
				PRODUCT_NAME = "$(TARGET_NAME)";
				SWIFT_EMIT_LOC_STRINGS = YES;
				SWIFT_VERSION = 5.0;
				TARGETED_DEVICE_FAMILY = "1,2";
			};
			name = Debug;
		};
		05B2027029E132DB0042060C /* Release */ = {
			isa = XCBuildConfiguration;
			buildSettings = {
				ASSETCATALOG_COMPILER_APPICON_NAME = AppIcon;
				ASSETCATALOG_COMPILER_GLOBAL_ACCENT_COLOR_NAME = AccentColor;
				CODE_SIGN_STYLE = Automatic;
				CURRENT_PROJECT_VERSION = 1;
				GENERATE_INFOPLIST_FILE = YES;
				INFOPLIST_FILE = SOPT_iOS_Week2/Info.plist;
				INFOPLIST_KEY_UIApplicationSupportsIndirectInputEvents = YES;
				INFOPLIST_KEY_UILaunchStoryboardName = LaunchScreen;
				INFOPLIST_KEY_UISupportedInterfaceOrientations_iPad = "UIInterfaceOrientationPortrait UIInterfaceOrientationPortraitUpsideDown UIInterfaceOrientationLandscapeLeft UIInterfaceOrientationLandscapeRight";
				INFOPLIST_KEY_UISupportedInterfaceOrientations_iPhone = "UIInterfaceOrientationPortrait UIInterfaceOrientationLandscapeLeft UIInterfaceOrientationLandscapeRight";
				LD_RUNPATH_SEARCH_PATHS = (
					"$(inherited)",
					"@executable_path/Frameworks",
				);
				MARKETING_VERSION = 1.0;
				PRODUCT_BUNDLE_IDENTIFIER = "com.YUNBINN.SOPT-iOS-Week2";
				PRODUCT_NAME = "$(TARGET_NAME)";
				SWIFT_EMIT_LOC_STRINGS = YES;
				SWIFT_VERSION = 5.0;
				TARGETED_DEVICE_FAMILY = "1,2";
			};
			name = Release;
		};
/* End XCBuildConfiguration section */

/* Begin XCConfigurationList section */
		05B2025529E132D90042060C /* Build configuration list for PBXProject "SOPT_iOS_Week2" */ = {
			isa = XCConfigurationList;
			buildConfigurations = (
				05B2026C29E132DB0042060C /* Debug */,
				05B2026D29E132DB0042060C /* Release */,
			);
			defaultConfigurationIsVisible = 0;
			defaultConfigurationName = Release;
		};
		05B2026E29E132DB0042060C /* Build configuration list for PBXNativeTarget "SOPT_iOS_Week2" */ = {
			isa = XCConfigurationList;
			buildConfigurations = (
				05B2026F29E132DB0042060C /* Debug */,
				05B2027029E132DB0042060C /* Release */,
			);
			defaultConfigurationIsVisible = 0;
			defaultConfigurationName = Release;
		};
/* End XCConfigurationList section */

/* Begin XCRemoteSwiftPackageReference section */
		05B2027729E141A90042060C /* XCRemoteSwiftPackageReference "SnapKit" */ = {
			isa = XCRemoteSwiftPackageReference;
			repositoryURL = "https://github.com/SnapKit/SnapKit.git";
			requirement = {
				kind = upToNextMajorVersion;
				minimumVersion = 5.0.0;
			};
		};
		05B2027A29E1425F0042060C /* XCRemoteSwiftPackageReference "Inject" */ = {
			isa = XCRemoteSwiftPackageReference;
			repositoryURL = "https://github.com/krzysztofzablocki/Inject.git";
			requirement = {
				kind = upToNextMajorVersion;
				minimumVersion = 1.0.0;
			};
		};
		05B2028129E1497C0042060C /* XCRemoteSwiftPackageReference "Then" */ = {
			isa = XCRemoteSwiftPackageReference;
			repositoryURL = "https://github.com/devxoul/Then.git";
			requirement = {
				kind = upToNextMajorVersion;
				minimumVersion = 3.0.0;
			};
		};
/* End XCRemoteSwiftPackageReference section */

/* Begin XCSwiftPackageProductDependency section */
		05B2027829E141A90042060C /* SnapKit */ = {
			isa = XCSwiftPackageProductDependency;
			package = 05B2027729E141A90042060C /* XCRemoteSwiftPackageReference "SnapKit" */;
			productName = SnapKit;
		};
		05B2027B29E142600042060C /* Inject */ = {
			isa = XCSwiftPackageProductDependency;
			package = 05B2027A29E1425F0042060C /* XCRemoteSwiftPackageReference "Inject" */;
			productName = Inject;
		};
		05B2028229E1497C0042060C /* Then */ = {
			isa = XCSwiftPackageProductDependency;
			package = 05B2028129E1497C0042060C /* XCRemoteSwiftPackageReference "Then" */;
			productName = Then;
		};
/* End XCSwiftPackageProductDependency section */
	};
	rootObject = 05B2025229E132D90042060C /* Project object */;
}
